
Microsoft Visual Studio Solution File, Format Version 12.00
# Visual Studio Version 17
VisualStudioVersion = 17.0.32112.339
MinimumVisualStudioVersion = 10.0.40219.1
Project("{FAE04EC0-301F-11D3-BF4B-00C04F79EFBC}") = "CiscoClientHelper", "CiscoClientHelper\CiscoClientHelper.csproj", "{AA1704CB-96C2-4A3A-BB6F-00483EFF6882}"
EndProject
Global
	GlobalSection(SolutionConfigurationPlatforms) = preSolution
		Debug|Any CPU = Debug|Any CPU
		Release|Any CPU = Release|Any CPU
	EndGlobalSection
	GlobalSection(ProjectConfigurationPlatforms) = postSolution
		{AA1704CB-96C2-4A3A-BB6F-00483EFF6882}.Debug|Any CPU.ActiveCfg = Debug|Any CPU
		{AA1704CB-96C2-4A3A-BB6F-00483EFF6882}.Debug|Any CPU.Build.0 = Debug|Any CPU
		{AA1704CB-96C2-4A3A-BB6F-00483EFF6882}.Release|Any CPU.ActiveCfg = Release|Any CPU
		{AA1704CB-96C2-4A3A-BB6F-00483EFF6882}.Release|Any CPU.Build.0 = Release|Any CPU
	EndGlobalSection
	GlobalSection(SolutionProperties) = preSolution
		HideSolutionNode = FALSE
	EndGlobalSection
	GlobalSection(ExtensibilityGlobals) = postSolution
		SolutionGuid = {E635B2F5-8BEF-4A0E-86D8-16B1652C0CBB}
	EndGlobalSection
EndGlobal
